
Microsoft Visual Studio Solution File, Format Version 12.00
# Visual Studio Version 16
VisualStudioVersion = 16.0.32413.511
MinimumVisualStudioVersion = 10.0.40219.1
Project("{FAE04EC0-301F-11D3-BF4B-00C04F79EFBC}") = "BooksApi", "BooksApi.csproj", "{67854076-A3A7-4FB1-8A93-801C17834B96}"
EndProject
Global
	GlobalSection(SolutionConfigurationPlatforms) = preSolution
		Debug|Any CPU = Debug|Any CPU
		Release|Any CPU = Release|Any CPU
	EndGlobalSection
	GlobalSection(ProjectConfigurationPlatforms) = postSolution
		{67854076-A3A7-4FB1-8A93-801C17834B96}.Debug|Any CPU.ActiveCfg = Debug|Any CPU
		{67854076-A3A7-4FB1-8A93-801C17834B96}.Debug|Any CPU.Build.0 = Debug|Any CPU
		{67854076-A3A7-4FB1-8A93-801C17834B96}.Release|Any CPU.ActiveCfg = Release|Any CPU
		{67854076-A3A7-4FB1-8A93-801C17834B96}.Release|Any CPU.Build.0 = Release|Any CPU
	EndGlobalSection
	GlobalSection(SolutionProperties) = preSolution
		HideSolutionNode = FALSE
	EndGlobalSection
	GlobalSection(ExtensibilityGlobals) = postSolution
		SolutionGuid = {43C6C8E4-EB50-407F-A45E-4D88144D9DD5}
	EndGlobalSection
EndGlobal
